
Microsoft Visual Studio Solution File, Format Version 12.00
Project("{FAE04EC0-301F-11D3-BF4B-00C04F79EFBC}") = "RBC", "RBC.csproj", "{87597FB9-80DD-4588-B04E-B373DFD9CD9F}"
EndProject
Global
	GlobalSection(SolutionConfigurationPlatforms) = preSolution
		Debug|Any CPU = Debug|Any CPU
		Release|Any CPU = Release|Any CPU
	EndGlobalSection
	GlobalSection(ProjectConfigurationPlatforms) = postSolution
		{87597FB9-80DD-4588-B04E-B373DFD9CD9F}.Debug|Any CPU.ActiveCfg = Debug|Any CPU
		{87597FB9-80DD-4588-B04E-B373DFD9CD9F}.Debug|Any CPU.Build.0 = Debug|Any CPU
		{87597FB9-80DD-4588-B04E-B373DFD9CD9F}.Release|Any CPU.ActiveCfg = Release|Any CPU
		{87597FB9-80DD-4588-B04E-B373DFD9CD9F}.Release|Any CPU.Build.0 = Release|Any CPU
	EndGlobalSection
EndGlobal
